<?xml version="1.0" encoding="utf-8"?>
<Project ToolsVersion="4.0" xmlns="http://schemas.microsoft.com/developer/msbuild/2003">
  <ItemGroup>
    <Filter Include="Source Files">
      <UniqueIdentifier>{4FC737F1-C7A5-4376-A066-2A32D752A2FF}</UniqueIdentifier>
      <Extensions>cpp;c;cc;cxx;c++;cppm;ixx;def;odl;idl;hpj;bat;asm;asmx</Extensions>
    </Filter>
    <Filter Include="Header Files">
      <UniqueIdentifier>{93995380-89BD-4b04-88EB-625FBE52EBFB}</UniqueIdentifier>
      <Extensions>h;hh;hpp;hxx;h++;hm;inl;inc;ipp;xsd</Extensions>
    </Filter>
    <Filter Include="Resource Files">
      <UniqueIdentifier>{67DA6AB6-F800-4c08-8B7A-83BB121AAD01}</UniqueIdentifier>
      <Extensions>rc;ico;cur;bmp;dlg;rc2;rct;bin;rgs;gif;jpg;jpeg;jpe;resx;tiff;tif;png;wav;mfcribbon-ms</Extensions>
    </Filter>
    <Filter Include="Header Files\Keyboard">
      <UniqueIdentifier>{037cffa6-f20e-4bd3-8941-f90e992e4044}</UniqueIdentifier>
    </Filter>
    <Filter Include="Source Files\Keyboard">
      <UniqueIdentifier>{76d294a7-0f78-4ec2-bb9e-f167f92c0dc3}</UniqueIdentifier>
    </Filter>
    <Filter Include="Source Files\Mouse">
      <UniqueIdentifier>{5c182aaa-2d44-4a64-a2eb-eb9bd7b04481}</UniqueIdentifier>
    </Filter>
    <Filter Include="Header Files\Graphics">
      <UniqueIdentifier>{4bda414d-a42c-459a-81a4-f5b829564b4f}</UniqueIdentifier>
    </Filter>
    <Filter Include="Source Files\Graphics">
      <UniqueIdentifier>{18d0496d-eaea-4b17-8827-691996991d75}</UniqueIdentifier>
    </Filter>
    <Filter Include="Header Files\Mouse">
      <UniqueIdentifier>{edca52d4-89da-4a30-8256-5d502ef3aae9}</UniqueIdentifier>
    </Filter>
    <Filter Include="Header Files\Graphics\ImGui">
      <UniqueIdentifier>{8ad5fea2-626e-4538-b25d-9da7af3b0219}</UniqueIdentifier>
    </Filter>
    <Filter Include="Source Files\Graphics\ImGui">
      <UniqueIdentifier>{e365f1f1-3f14-4f32-bded-3081be2418ad}</UniqueIdentifier>
    </Filter>
    <Filter Include="Header Files\Utility">
      <UniqueIdentifier>{eb986f11-faac-4d36-bfd4-0e82e9feb656}</UniqueIdentifier>
    </Filter>
    <Filter Include="Source Files\Engine">
      <UniqueIdentifier>{fe6339bb-b76d-4452-91e3-31afaab54ee1}</UniqueIdentifier>
    </Filter>
    <Filter Include="Header Files\Engine">
      <UniqueIdentifier>{dce65695-cb05-481f-b268-3c97fda08559}</UniqueIdentifier>
    </Filter>
    <Filter Include="Source Files\Utility">
      <UniqueIdentifier>{be52d253-6664-41ec-98fa-ad0c90cc6528}</UniqueIdentifier>
    </Filter>
    <Filter Include="Header Files\Graphics\Utility">
      <UniqueIdentifier>{6589ace5-e58a-4fdc-94c4-a9be77653e65}</UniqueIdentifier>
    </Filter>
    <Filter Include="Header Files\Graphics\Shaders">
      <UniqueIdentifier>{a9c4aae9-c528-487a-b716-15d400d05606}</UniqueIdentifier>
    </Filter>
    <Filter Include="Header Files\Graphics\GameObject">
      <UniqueIdentifier>{5352bac4-f6ec-477c-8dc0-ebeb0908ee7c}</UniqueIdentifier>
    </Filter>
    <Filter Include="Source Files\Graphics\Utility">
      <UniqueIdentifier>{2b4a6364-f9ae-460a-921b-f87fa999913b}</UniqueIdentifier>
    </Filter>
    <Filter Include="Source Files\Graphics\Shaders">
      <UniqueIdentifier>{c81fad1e-06b6-4e06-9267-9f4cce6f1a05}</UniqueIdentifier>
    </Filter>
    <Filter Include="Source Files\Graphics\GameObjects">
      <UniqueIdentifier>{c7e6526f-df68-430b-bffa-e72fa4928a0b}</UniqueIdentifier>
    </Filter>
  </ItemGroup>
  <ItemGroup>
    <ClCompile Include="Source.cpp">
      <Filter>Source Files</Filter>
    </ClCompile>
    <ClCompile Include="Keyboard\KeyboardEvent.cpp">
      <Filter>Source Files\Keyboard</Filter>
    </ClCompile>
    <ClCompile Include="Keyboard\KeyboardClass.cpp">
      <Filter>Source Files\Keyboard</Filter>
    </ClCompile>
    <ClCompile Include="Mouse\MouseClass.cpp">
      <Filter>Source Files\Mouse</Filter>
    </ClCompile>
    <ClCompile Include="Graphics\Graphics.cpp">
      <Filter>Source Files\Graphics</Filter>
    </ClCompile>
    <ClCompile Include="Mouse\MouseEvent.cpp">
      <Filter>Source Files\Mouse</Filter>
    </ClCompile>
    <ClCompile Include="Graphics\ImGui\imgui.cpp">
      <Filter>Source Files\Graphics\ImGui</Filter>
    </ClCompile>
    <ClCompile Include="Graphics\ImGui\imgui_impl_dx11.cpp">
      <Filter>Source Files\Graphics\ImGui</Filter>
    </ClCompile>
    <ClCompile Include="Graphics\ImGui\imgui_impl_win32.cpp">
      <Filter>Source Files\Graphics\ImGui</Filter>
    </ClCompile>
    <ClCompile Include="Graphics\ImGui\imgui_tables.cpp">
      <Filter>Source Files\Graphics\ImGui</Filter>
    </ClCompile>
    <ClCompile Include="Graphics\ImGui\imgui_widgets.cpp">
      <Filter>Source Files\Graphics\ImGui</Filter>
    </ClCompile>
    <ClCompile Include="Graphics\ImGui\imgui_draw.cpp">
      <Filter>Source Files\Graphics\ImGui</Filter>
    </ClCompile>
    <ClCompile Include="Utility\ErrorLogger.cpp">
      <Filter>Source Files\Utility</Filter>
    </ClCompile>
    <ClCompile Include="Utility\Timer.cpp">
      <Filter>Source Files\Utility</Filter>
    </ClCompile>
    <ClCompile Include="Engine\WindowContainer.cpp">
      <Filter>Source Files\Engine</Filter>
    </ClCompile>
    <ClCompile Include="Engine\RenderWindow.cpp">
      <Filter>Source Files\Engine</Filter>
    </ClCompile>
    <ClCompile Include="Engine\Engine.cpp">
      <Filter>Source Files\Engine</Filter>
    </ClCompile>
    <ClCompile Include="Graphics\Utility\AdapterReader.cpp">
      <Filter>Source Files\Graphics\Utility</Filter>
    </ClCompile>
    <ClCompile Include="Graphics\Utility\Colour.cpp">
      <Filter>Source Files\Graphics\Utility</Filter>
    </ClCompile>
    <ClCompile Include="Graphics\Utility\Mesh.cpp">
      <Filter>Source Files\Graphics\Utility</Filter>
    </ClCompile>
    <ClCompile Include="Graphics\Utility\Model.cpp">
      <Filter>Source Files\Graphics\Utility</Filter>
    </ClCompile>
    <ClCompile Include="Graphics\Utility\Texture.cpp">
      <Filter>Source Files\Graphics\Utility</Filter>
    </ClCompile>
    <ClCompile Include="Graphics\GameObjects\Camera3D.cpp">
      <Filter>Source Files\Graphics\GameObjects</Filter>
    </ClCompile>
    <ClCompile Include="Graphics\GameObjects\GameObject.cpp">
      <Filter>Source Files\Graphics\GameObjects</Filter>
    </ClCompile>
    <ClCompile Include="Graphics\GameObjects\GameObject2D.cpp">
      <Filter>Source Files\Graphics\GameObjects</Filter>
    </ClCompile>
    <ClCompile Include="Graphics\GameObjects\GameObject3D.cpp">
      <Filter>Source Files\Graphics\GameObjects</Filter>
    </ClCompile>
    <ClCompile Include="Graphics\GameObjects\Light.cpp">
      <Filter>Source Files\Graphics\GameObjects</Filter>
    </ClCompile>
    <ClCompile Include="Utility\StringHelper.cpp">
      <Filter>Source Files\Utility</Filter>
    </ClCompile>
    <ClCompile Include="Graphics\Shaders\Shaders.cpp">
      <Filter>Source Files\Graphics\Shaders</Filter>
    </ClCompile>
    <ClCompile Include="Graphics\GameObjects\RenderableGameObject.cpp">
      <Filter>Source Files\Graphics\GameObjects</Filter>
    </ClCompile>
    <ClCompile Include="Graphics\GameObjects\Camera2D.cpp">
      <Filter>Source Files\Graphics\GameObjects</Filter>
    </ClCompile>
    <ClCompile Include="Graphics\GameObjects\Sprite.cpp">
      <Filter>Source Files</Filter>
    </ClCompile>
    <ClCompile Include="Graphics\GameObjects\Primitives\CubeMesh.cpp">
      <Filter>Source Files</Filter>
    </ClCompile>
    <ClCompile Include="Graphics\GameObjects\PrimitiveGameObject.cpp">
      <Filter>Source Files\Graphics\GameObjects</Filter>
    </ClCompile>
    <ClCompile Include="Graphics\GameObjects\Primitives\SphereMesh.cpp">
      <Filter>Source Files</Filter>
    </ClCompile>
    <ClCompile Include="Graphics\GameObjects\Primitives\PlaneMesh.cpp">
      <Filter>Source Files</Filter>
    </ClCompile>
  </ItemGroup>
  <ItemGroup>
    <ClInclude Include="Mouse\MouseClass.h">
      <Filter>Header Files\Mouse</Filter>
    </ClInclude>
    <ClInclude Include="Mouse\MouseEvent.h">
      <Filter>Header Files\Mouse</Filter>
    </ClInclude>
    <ClInclude Include="Keyboard\KeyboardClass.h">
      <Filter>Header Files\Keyboard</Filter>
    </ClInclude>
    <ClInclude Include="Keyboard\KeyboardEvent.h">
      <Filter>Header Files\Keyboard</Filter>
    </ClInclude>
    <ClInclude Include="Graphics\Graphics.h">
      <Filter>Header Files\Graphics</Filter>
    </ClInclude>
    <ClInclude Include="Graphics\ImGui\imconfig.h">
      <Filter>Header Files\Graphics\ImGui</Filter>
    </ClInclude>
    <ClInclude Include="Graphics\ImGui\imgui.h">
      <Filter>Header Files\Graphics\ImGui</Filter>
    </ClInclude>
    <ClInclude Include="Graphics\ImGui\imgui_impl_dx11.h">
      <Filter>Header Files\Graphics\ImGui</Filter>
    </ClInclude>
    <ClInclude Include="Graphics\ImGui\imgui_impl_win32.h">
      <Filter>Header Files\Graphics\ImGui</Filter>
    </ClInclude>
    <ClInclude Include="Graphics\ImGui\imgui_internal.h">
      <Filter>Header Files\Graphics\ImGui</Filter>
    </ClInclude>
    <ClInclude Include="Graphics\ImGui\imstb_rectpack.h">
      <Filter>Header Files\Graphics\ImGui</Filter>
    </ClInclude>
    <ClInclude Include="Graphics\ImGui\imstb_textedit.h">
      <Filter>Header Files\Graphics\ImGui</Filter>
    </ClInclude>
    <ClInclude Include="Graphics\ImGui\imstb_truetype.h">
      <Filter>Header Files\Graphics\ImGui</Filter>
    </ClInclude>
    <ClInclude Include="Utility\COMException.h">
      <Filter>Header Files\Utility</Filter>
    </ClInclude>
    <ClInclude Include="Utility\ErrorLogger.h">
      <Filter>Header Files\Utility</Filter>
    </ClInclude>
    <ClInclude Include="Utility\StringHelper.h">
      <Filter>Header Files\Utility</Filter>
    </ClInclude>
    <ClInclude Include="Utility\Timer.h">
      <Filter>Header Files\Utility</Filter>
    </ClInclude>
    <ClInclude Include="Engine\Engine.h">
      <Filter>Header Files\Engine</Filter>
    </ClInclude>
    <ClInclude Include="Engine\RenderWindow.h">
      <Filter>Header Files\Engine</Filter>
    </ClInclude>
    <ClInclude Include="Engine\WindowContainer.h">
      <Filter>Header Files\Engine</Filter>
    </ClInclude>
    <ClInclude Include="Graphics\Utility\AdapterReader.h">
      <Filter>Header Files\Graphics\Utility</Filter>
    </ClInclude>
    <ClInclude Include="Graphics\Utility\Colour.h">
      <Filter>Header Files\Graphics\Utility</Filter>
    </ClInclude>
    <ClInclude Include="Graphics\Utility\Mesh.h">
      <Filter>Header Files\Graphics\Utility</Filter>
    </ClInclude>
    <ClInclude Include="Graphics\Utility\Model.h">
      <Filter>Header Files\Graphics\Utility</Filter>
    </ClInclude>
    <ClInclude Include="Graphics\GameObjects\Camera3D.h">
      <Filter>Header Files\Graphics\GameObject</Filter>
    </ClInclude>
    <ClInclude Include="Graphics\GameObjects\GameObject.h">
      <Filter>Header Files\Graphics\GameObject</Filter>
    </ClInclude>
    <ClInclude Include="Graphics\GameObjects\GameObject2D.h">
      <Filter>Header Files\Graphics\GameObject</Filter>
    </ClInclude>
    <ClInclude Include="Graphics\GameObjects\GameObject3D.h">
      <Filter>Header Files\Graphics\GameObject</Filter>
    </ClInclude>
    <ClInclude Include="Graphics\GameObjects\RenderableGameObject.h">
      <Filter>Header Files\Graphics\GameObject</Filter>
    </ClInclude>
    <ClInclude Include="Graphics\GameObjects\Light.h">
      <Filter>Header Files\Graphics\GameObject</Filter>
    </ClInclude>
    <ClInclude Include="Graphics\Shaders\ConstantBuffer.h">
      <Filter>Header Files\Graphics\Shaders</Filter>
    </ClInclude>
    <ClInclude Include="Graphics\Shaders\ConstantBufferTypes.h">
      <Filter>Header Files\Graphics\Shaders</Filter>
    </ClInclude>
    <ClInclude Include="Graphics\Shaders\IndexBuffer.h">
      <Filter>Header Files\Graphics\Shaders</Filter>
    </ClInclude>
    <ClInclude Include="Graphics\Shaders\Shaders.h">
      <Filter>Header Files\Graphics\Shaders</Filter>
    </ClInclude>
    <ClInclude Include="Graphics\Shaders\Vertex.h">
      <Filter>Header Files\Graphics\Shaders</Filter>
    </ClInclude>
    <ClInclude Include="Graphics\Shaders\VertexBuffer.h">
      <Filter>Header Files\Graphics\Shaders</Filter>
    </ClInclude>
    <ClInclude Include="Graphics\Utility\Texture.h">
      <Filter>Header Files\Graphics\Utility</Filter>
    </ClInclude>
    <ClInclude Include="Graphics\GameObjects\Camera2D.h">
      <Filter>Header Files\Graphics\GameObject</Filter>
    </ClInclude>
    <ClInclude Include="Graphics\GameObjects\Sprite.h">
      <Filter>Header Files</Filter>
    </ClInclude>
    <ClInclude Include="Graphics\GameObjects\Primitives\CubeMesh.h">
      <Filter>Header Files</Filter>
    </ClInclude>
    <ClInclude Include="Graphics\GameObjects\PrimitiveGameObject.h">
      <Filter>Header Files\Graphics\GameObject</Filter>
    </ClInclude>
    <ClInclude Include="Graphics\GameObjects\Primitives\SphereMesh.h">
      <Filter>Header Files</Filter>
    </ClInclude>
    <ClInclude Include="Graphics\GameObjects\Primitives\PlaneMesh.h">
      <Filter>Header Files</Filter>
    </ClInclude>
  </ItemGroup>
  <ItemGroup>
    <FxCompile Include="Shaders\vertexshader.hlsl">
      <Filter>Resource Files</Filter>
    </FxCompile>
    <FxCompile Include="Shaders\pixelshader.hlsl">
      <Filter>Resource Files</Filter>
    </FxCompile>
    <FxCompile Include="Shaders\pixelshader_nolight.hlsl">
      <Filter>Resource Files</Filter>
    </FxCompile>
    <FxCompile Include="Shaders\vertexshader_2d.hlsl" />
    <FxCompile Include="Shaders\pixelshader_2d.hlsl" />
  </ItemGroup>
</Project>