
Microsoft Visual Studio Solution File, Format Version 12.00
# Visual Studio Version 17
VisualStudioVersion = 17.4.33213.308
MinimumVisualStudioVersion = 10.0.40219.1
Project("{8BC9CEB8-8B4A-11D0-8D11-00A0C91BC942}") = "DirectX11 Framework", "DirectX11 Framework\DirectX11 Framework.vcxproj", "{9F221B21-5C04-44E0-8908-3DA64AD243FE}"
EndProject
Global
	GlobalSection(SolutionConfigurationPlatforms) = preSolution
		Debug|x64 = Debug|x64
		Debug|x86 = Debug|x86
		Release|x64 = Release|x64
		Release|x86 = Release|x86
	EndGlobalSection
	GlobalSection(ProjectConfigurationPlatforms) = postSolution
		{9F221B21-5C04-44E0-8908-3DA64AD243FE}.Debug|x64.ActiveCfg = Debug|x64
		{9F221B21-5C04-44E0-8908-3DA64AD243FE}.Debug|x64.Build.0 = Debug|x64
		{9F221B21-5C04-44E0-8908-3DA64AD243FE}.Debug|x86.ActiveCfg = Debug|Win32
		{9F221B21-5C04-44E0-8908-3DA64AD243FE}.Debug|x86.Build.0 = Debug|Win32
		{9F221B21-5C04-44E0-8908-3DA64AD243FE}.Release|x64.ActiveCfg = Release|x64
		{9F221B21-5C04-44E0-8908-3DA64AD243FE}.Release|x64.Build.0 = Release|x64
		{9F221B21-5C04-44E0-8908-3DA64AD243FE}.Release|x86.ActiveCfg = Release|Win32
		{9F221B21-5C04-44E0-8908-3DA64AD243FE}.Release|x86.Build.0 = Release|Win32
	EndGlobalSection
	GlobalSection(SolutionProperties) = preSolution
		HideSolutionNode = FALSE
	EndGlobalSection
	GlobalSection(ExtensibilityGlobals) = postSolution
		SolutionGuid = {B6F88D97-76CB-4AB7-8A22-366086E7CF84}
	EndGlobalSection
EndGlobal
